
Microsoft Visual Studio Solution File, Format Version 12.00
# Visual Studio Version 16
VisualStudioVersion = 16.0.31129.286
MinimumVisualStudioVersion = 10.0.40219.1
Project("{FAE04EC0-301F-11D3-BF4B-00C04F79EFBC}") = "LoggingWithNetCore", "LoggingWithNetCore\LoggingWithNetCore.csproj", "{8ABF2AC0-9532-4144-8CFA-69C49EA6F22A}"
EndProject
Global
	GlobalSection(SolutionConfigurationPlatforms) = preSolution
		Debug|Any CPU = Debug|Any CPU
		Release|Any CPU = Release|Any CPU
	EndGlobalSection
	GlobalSection(ProjectConfigurationPlatforms) = postSolution
		{8ABF2AC0-9532-4144-8CFA-69C49EA6F22A}.Debug|Any CPU.ActiveCfg = Debug|Any CPU
		{8ABF2AC0-9532-4144-8CFA-69C49EA6F22A}.Debug|Any CPU.Build.0 = Debug|Any CPU
		{8ABF2AC0-9532-4144-8CFA-69C49EA6F22A}.Release|Any CPU.ActiveCfg = Release|Any CPU
		{8ABF2AC0-9532-4144-8CFA-69C49EA6F22A}.Release|Any CPU.Build.0 = Release|Any CPU
	EndGlobalSection
	GlobalSection(SolutionProperties) = preSolution
		HideSolutionNode = FALSE
	EndGlobalSection
	GlobalSection(ExtensibilityGlobals) = postSolution
		SolutionGuid = {29B209A5-5B3A-419A-AD7F-AEF1FE49B93D}
	EndGlobalSection
EndGlobal
